// !$*UTF8*$!
{
	archiveVersion = 1;
	classes = {
	};
	objectVersion = 46;
	objects = {

/* Begin PBXBuildFile section */
		266B81CB1D47A7FD000261CE /* AppDelegate.swift in Sources */ = {isa = PBXBuildFile; fileRef = 266B81CA1D47A7FD000261CE /* AppDelegate.swift */; };
		266B81CD1D47A7FD000261CE /* ViewController.swift in Sources */ = {isa = PBXBuildFile; fileRef = 266B81CC1D47A7FD000261CE /* ViewController.swift */; };
		266B81CF1D47A7FD000261CE /* Assets.xcassets in Resources */ = {isa = PBXBuildFile; fileRef = 266B81CE1D47A7FD000261CE /* Assets.xcassets */; };
		266B81D21D47A7FD000261CE /* Main.storyboard in Resources */ = {isa = PBXBuildFile; fileRef = 266B81D01D47A7FD000261CE /* Main.storyboard */; };
/* End PBXBuildFile section */

/* Begin PBXFileReference section */
		266B81C71D47A7FC000261CE /* macSpec.app */ = {isa = PBXFileReference; explicitFileType = wrapper.application; includeInIndex = 0; path = macSpec.app; sourceTree = BUILT_PRODUCTS_DIR; };
		266B81CA1D47A7FD000261CE /* AppDelegate.swift */ = {isa = PBXFileReference; lastKnownFileType = sourcecode.swift; path = AppDelegate.swift; sourceTree = "<group>"; };
		266B81CC1D47A7FD000261CE /* ViewController.swift */ = {isa = PBXFileReference; lastKnownFileType = sourcecode.swift; path = ViewController.swift; sourceTree = "<group>"; };
		266B81CE1D47A7FD000261CE /* Assets.xcassets */ = {isa = PBXFileReference; lastKnownFileType = folder.assetcatalog; path = Assets.xcassets; sourceTree = "<group>"; };
		266B81D11D47A7FD000261CE /* Base */ = {isa = PBXFileReference; lastKnownFileType = file.storyboard; name = Base; path = Base.lproj/Main.storyboard; sourceTree = "<group>"; };
		266B81D31D47A7FD000261CE /* Info.plist */ = {isa = PBXFileReference; lastKnownFileType = text.plist.xml; path = Info.plist; sourceTree = "<group>"; };
/* End PBXFileReference section */

/* Begin PBXFrameworksBuildPhase section */
		266B81C41D47A7FC000261CE /* Frameworks */ = {
			isa = PBXFrameworksBuildPhase;
			buildActionMask = 2147483647;
			files = (
			);
			runOnlyForDeploymentPostprocessing = 0;
		};
/* End PBXFrameworksBuildPhase section */

/* Begin PBXGroup section */
		266B81BE1D47A7FC000261CE = {
			isa = PBXGroup;
			children = (
				266B81C91D47A7FC000261CE /* macSpec */,
				266B81C81D47A7FC000261CE /* Products */,
			);
			sourceTree = "<group>";
		};
		266B81C81D47A7FC000261CE /* Products */ = {
			isa = PBXGroup;
			children = (
				266B81C71D47A7FC000261CE /* macSpec.app */,
			);
			name = Products;
			sourceTree = "<group>";
		};
		266B81C91D47A7FC000261CE /* macSpec */ = {
			isa = PBXGroup;
			children = (
				266B81CA1D47A7FD000261CE /* AppDelegate.swift */,
				266B81CC1D47A7FD000261CE /* ViewController.swift */,
				266B81CE1D47A7FD000261CE /* Assets.xcassets */,
				266B81D01D47A7FD000261CE /* Main.storyboard */,
				266B81D31D47A7FD000261CE /* Info.plist */,
			);
			path = macSpec;
			sourceTree = "<group>";
		};
/* End PBXGroup section */

/* Begin PBXNativeTarget section */
		266B81C61D47A7FC000261CE /* macSpec */ = {
			isa = PBXNativeTarget;
			buildConfigurationList = 266B81D61D47A7FD000261CE /* Build configuration list for PBXNativeTarget "macSpec" */;
			buildPhases = (
				266B81C31D47A7FC000261CE /* Sources */,
				266B81C41D47A7FC000261CE /* Frameworks */,
				266B81C51D47A7FC000261CE /* Resources */,
			);
			buildRules = (
			);
			dependencies = (
			);
			name = macSpec;
			productName = macSpec;
			productReference = 266B81C71D47A7FC000261CE /* macSpec.app */;
			productType = "com.apple.product-type.application";
		};
/* End PBXNativeTarget section */

/* Begin PBXProject section */
		266B81BF1D47A7FC000261CE /* Project object */ = {
			isa = PBXProject;
			attributes = {
				LastSwiftUpdateCheck = 0730;
				LastUpgradeCheck = 0730;
				ORGANIZATIONNAME = "Milko Daskalov";
				TargetAttributes = {
					266B81C61D47A7FC000261CE = {
						CreatedOnToolsVersion = 7.3.1;
					};
				};
			};
			buildConfigurationList = 266B81C21D47A7FC000261CE /* Build configuration list for PBXProject "macSpec" */;
			compatibilityVersion = "Xcode 3.2";
			developmentRegion = English;
			hasScannedForEncodings = 0;
			knownRegions = (
				en,
				Base,
			);
			mainGroup = 266B81BE1D47A7FC000261CE;
			productRefGroup = 266B81C81D47A7FC000261CE /* Products */;
			projectDirPath = "";
			projectRoot = "";
			targets = (
				266B81C61D47A7FC000261CE /* macSpec */,
			);
		};
/* End PBXProject section */

/* Begin PBXResourcesBuildPhase section */
		266B81C51D47A7FC000261CE /* Resources */ = {
			isa = PBXResourcesBuildPhase;
			buildActionMask = 2147483647;
			files = (
				266B81CF1D47A7FD000261CE /* Assets.xcassets in Resources */,
				266B81D21D47A7FD000261CE /* Main.storyboard in Resources */,
			);
			runOnlyForDeploymentPostprocessing = 0;
		};
/* End PBXResourcesBuildPhase section */

/* Begin PBXSourcesBuildPhase section */
		266B81C31D47A7FC000261CE /* Sources */ = {
			isa = PBXSourcesBuildPhase;
			buildActionMask = 2147483647;
			files = (
				266B81CD1D47A7FD000261CE /* ViewController.swift in Sources */,
				266B81CB1D47A7FD000261CE /* AppDelegate.swift in Sources */,
			);
			runOnlyForDeploymentPostprocessing = 0;
		};
/* End PBXSourcesBuildPhase section */

/* Begin PBXVariantGroup section */
		266B81D01D47A7FD000261CE /* Main.storyboard */ = {
			isa = PBXVariantGroup;
			children = (
				266B81D11D47A7FD000261CE /* Base */,
			);
			name = Main.storyboard;
			sourceTree = "<group>";
		};
/* End PBXVariantGroup section */

/* Begin XCBuildConfiguration section */
		266B81D41D47A7FD000261CE /* Debug */ = {
			isa = XCBuildConfiguration;
			buildSettings = {
				ALWAYS_SEARCH_USER_PATHS = NO;
				CLANG_ANALYZER_NONNULL = YES;
				CLANG_CXX_LANGUAGE_STANDARD = "gnu++0x";
				CLANG_CXX_LIBRARY = "libc++";
				CLANG_ENABLE_MODULES = YES;
				CLANG_ENABLE_OBJC_ARC = YES;
				CLANG_WARN_BOOL_CONVERSION = YES;
				CLANG_WARN_CONSTANT_CONVERSION = YES;
				CLANG_WARN_DIRECT_OBJC_ISA_USAGE = YES_ERROR;
				CLANG_WARN_EMPTY_BODY = YES;
				CLANG_WARN_ENUM_CONVERSION = YES;
				CLANG_WARN_INT_CONVERSION = YES;
				CLANG_WARN_OBJC_ROOT_CLASS = YES_ERROR;
				CLANG_WARN_UNREACHABLE_CODE = YES;
				CLANG_WARN__DUPLICATE_METHOD_MATCH = YES;
				CODE_SIGN_IDENTITY = "-";
				COPY_PHASE_STRIP = NO;
				DEBUG_INFORMATION_FORMAT = dwarf;
				ENABLE_STRICT_OBJC_MSGSEND = YES;
				ENABLE_TESTABILITY = YES;
				GCC_C_LANGUAGE_STANDARD = gnu99;
				GCC_DYNAMIC_NO_PIC = NO;
				GCC_NO_COMMON_BLOCKS = YES;
				GCC_OPTIMIZATION_LEVEL = 0;
				GCC_PREPROCESSOR_DEFINITIONS = (
					"DEBUG=1",
					"$(inherited)",
				);
				GCC_WARN_64_TO_32_BIT_CONVERSION = YES;
				GCC_WARN_ABOUT_RETURN_TYPE = YES_ERROR;
				GCC_WARN_UNDECLARED_SELECTOR = YES;
				GCC_WARN_UNINITIALIZED_AUTOS = YES_AGGRESSIVE;
				GCC_WARN_UNUSED_FUNCTION = YES;
				GCC_WARN_UNUSED_VARIABLE = YES;
				MACOSX_DEPLOYMENT_TARGET = 10.11;
				MTL_ENABLE_DEBUG_INFO = YES;
				ONLY_ACTIVE_ARCH = YES;
				SDKROOT = macosx;
				SWIFT_OPTIMIZATION_LEVEL = "-Onone";
			};
			name = Debug;
		};
		266B81D51D47A7FD000261CE /* Release */ = {
			isa = XCBuildConfiguration;
			buildSettings = {
				ALWAYS_SEARCH_USER_PATHS = NO;
				CLANG_ANALYZER_NONNULL = YES;
				CLANG_CXX_LANGUAGE_STANDARD = "gnu++0x";
				CLANG_CXX_LIBRARY = "libc++";
				CLANG_ENABLE_MODULES = YES;
				CLANG_ENABLE_OBJC_ARC = YES;
				CLANG_WARN_BOOL_CONVERSION = YES;
				CLANG_WARN_CONSTANT_CONVERSION = YES;
				CLANG_WARN_DIRECT_OBJC_ISA_USAGE = YES_ERROR;
				CLANG_WARN_EMPTY_BODY = YES;
				CLANG_WARN_ENUM_CONVERSION = YES;
				CLANG_WARN_INT_CONVERSION = YES;
				CLANG_WARN_OBJC_ROOT_CLASS = YES_ERROR;
				CLANG_WARN_UNREACHABLE_CODE = YES;
				CLANG_WARN__DUPLICATE_METHOD_MATCH = YES;
				CODE_SIGN_IDENTITY = "-";
				COPY_PHASE_STRIP = NO;
				DEBUG_INFORMATION_FORMAT = "dwarf-with-dsym";
				ENABLE_NS_ASSERTIONS = NO;
				ENABLE_STRICT_OBJC_MSGSEND = YES;
				GCC_C_LANGUAGE_STANDARD = gnu99;
				GCC_NO_COMMON_BLOCKS = YES;
				GCC_WARN_64_TO_32_BIT_CONVERSION = YES;
				GCC_WARN_ABOUT_RETURN_TYPE = YES_ERROR;
				GCC_WARN_UNDECLARED_SELECTOR = YES;
				GCC_WARN_UNINITIALIZED_AUTOS = YES_AGGRESSIVE;
				GCC_WARN_UNUSED_FUNCTION = YES;
				GCC_WARN_UNUSED_VARIABLE = YES;
				MACOSX_DEPLOYMENT_TARGET = 10.11;
				MTL_ENABLE_DEBUG_INFO = NO;
				SDKROOT = macosx;
			};
			name = Release;
		};
		266B81D71D47A7FD000261CE /* Debug */ = {
			isa = XCBuildConfiguration;
			buildSettings = {
				ASSETCATALOG_COMPILER_APPICON_NAME = AppIcon;
				COMBINE_HIDPI_IMAGES = YES;
				INFOPLIST_FILE = macSpec/Info.plist;
				LD_RUNPATH_SEARCH_PATHS = "$(inherited) @executable_path/../Frameworks";
				PRODUCT_BUNDLE_IDENTIFIER = com.innersoft.macSpec;
				PRODUCT_NAME = "$(TARGET_NAME)";
			};
			name = Debug;
		};
		266B81D81D47A7FD000261CE /* Release */ = {
			isa = XCBuildConfiguration;
			buildSettings = {
				ASSETCATALOG_COMPILER_APPICON_NAME = AppIcon;
				COMBINE_HIDPI_IMAGES = YES;
				INFOPLIST_FILE = macSpec/Info.plist;
				LD_RUNPATH_SEARCH_PATHS = "$(inherited) @executable_path/../Frameworks";
				PRODUCT_BUNDLE_IDENTIFIER = com.innersoft.macSpec;
				PRODUCT_NAME = "$(TARGET_NAME)";
			};
			name = Release;
		};
/* End XCBuildConfiguration section */

/* Begin XCConfigurationList section */
		266B81C21D47A7FC000261CE /* Build configuration list for PBXProject "macSpec" */ = {
			isa = XCConfigurationList;
			buildConfigurations = (
				266B81D41D47A7FD000261CE /* Debug */,
				266B81D51D47A7FD000261CE /* Release */,
			);
			defaultConfigurationIsVisible = 0;
			defaultConfigurationName = Release;
		};
		266B81D61D47A7FD000261CE /* Build configuration list for PBXNativeTarget "macSpec" */ = {
			isa = XCConfigurationList;
			buildConfigurations = (
				266B81D71D47A7FD000261CE /* Debug */,
				266B81D81D47A7FD000261CE /* Release */,
			);
			defaultConfigurationIsVisible = 0;
		};
/* End XCConfigurationList section */
	};
	rootObject = 266B81BF1D47A7FC000261CE /* Project object */;
}
